// !$*UTF8*$!
{
	archiveVersion = 1;
	classes = {
	};
	objectVersion = 55;
	objects = {

/* Begin PBXBuildFile section */
		AC5BF32B283A9A71003B458B /* CameraController.swift in Sources */ = {isa = PBXBuildFile; fileRef = AC5BF32A283A9A71003B458B /* CameraController.swift */; };
		AC5BF32D283AF1C4003B458B /* RulerView.swift in Sources */ = {isa = PBXBuildFile; fileRef = AC5BF32C283AF1C4003B458B /* RulerView.swift */; };
		AC5BF32F283B06A8003B458B /* screen_recording.mov in Resources */ = {isa = PBXBuildFile; fileRef = AC5BF32E283B06A8003B458B /* screen_recording.mov */; };
		AC9025DF27F8E96900F4D548 /* AppDelegate.swift in Sources */ = {isa = PBXBuildFile; fileRef = AC9025DE27F8E96900F4D548 /* AppDelegate.swift */; };
		AC9025E127F8E96900F4D548 /* SceneDelegate.swift in Sources */ = {isa = PBXBuildFile; fileRef = AC9025E027F8E96900F4D548 /* SceneDelegate.swift */; };
		AC9025E327F8E96900F4D548 /* ViewController.swift in Sources */ = {isa = PBXBuildFile; fileRef = AC9025E227F8E96900F4D548 /* ViewController.swift */; };
		AC9025E627F8E96900F4D548 /* Main.storyboard in Resources */ = {isa = PBXBuildFile; fileRef = AC9025E427F8E96900F4D548 /* Main.storyboard */; };
		AC9025E827F8E96B00F4D548 /* Assets.xcassets in Resources */ = {isa = PBXBuildFile; fileRef = AC9025E727F8E96B00F4D548 /* Assets.xcassets */; };
		AC9025EB27F8E96B00F4D548 /* LaunchScreen.storyboard in Resources */ = {isa = PBXBuildFile; fileRef = AC9025E927F8E96B00F4D548 /* LaunchScreen.storyboard */; };
		AC9025F527F8E9BB00F4D548 /* HeadPhoneManager.swift in Sources */ = {isa = PBXBuildFile; fileRef = AC9025F427F8E9BB00F4D548 /* HeadPhoneManager.swift */; };
/* End PBXBuildFile section */

/* Begin PBXFileReference section */
		AC5BF32A283A9A71003B458B /* CameraController.swift */ = {isa = PBXFileReference; lastKnownFileType = sourcecode.swift; path = CameraController.swift; sourceTree = "<group>"; };
		AC5BF32C283AF1C4003B458B /* RulerView.swift */ = {isa = PBXFileReference; lastKnownFileType = sourcecode.swift; name = RulerView.swift; path = AirpodsProAcc/View/RulerView.swift; sourceTree = "<group>"; };
		AC5BF32E283B06A8003B458B /* screen_recording.mov */ = {isa = PBXFileReference; lastKnownFileType = video.quicktime; path = screen_recording.mov; sourceTree = "<group>"; };
		AC9025DB27F8E96900F4D548 /* AirpodsProAcc.app */ = {isa = PBXFileReference; explicitFileType = wrapper.application; includeInIndex = 0; path = AirpodsProAcc.app; sourceTree = BUILT_PRODUCTS_DIR; };
		AC9025DE27F8E96900F4D548 /* AppDelegate.swift */ = {isa = PBXFileReference; lastKnownFileType = sourcecode.swift; path = AppDelegate.swift; sourceTree = "<group>"; };
		AC9025E027F8E96900F4D548 /* SceneDelegate.swift */ = {isa = PBXFileReference; lastKnownFileType = sourcecode.swift; path = SceneDelegate.swift; sourceTree = "<group>"; };
		AC9025E227F8E96900F4D548 /* ViewController.swift */ = {isa = PBXFileReference; lastKnownFileType = sourcecode.swift; path = ViewController.swift; sourceTree = "<group>"; };
		AC9025E527F8E96900F4D548 /* Base */ = {isa = PBXFileReference; lastKnownFileType = file.storyboard; name = Base; path = Base.lproj/Main.storyboard; sourceTree = "<group>"; };
		AC9025E727F8E96B00F4D548 /* Assets.xcassets */ = {isa = PBXFileReference; lastKnownFileType = folder.assetcatalog; path = Assets.xcassets; sourceTree = "<group>"; };
		AC9025EA27F8E96B00F4D548 /* Base */ = {isa = PBXFileReference; lastKnownFileType = file.storyboard; name = Base; path = Base.lproj/LaunchScreen.storyboard; sourceTree = "<group>"; };
		AC9025EC27F8E96B00F4D548 /* Info.plist */ = {isa = PBXFileReference; lastKnownFileType = text.plist.xml; path = Info.plist; sourceTree = "<group>"; };
		AC9025F427F8E9BB00F4D548 /* HeadPhoneManager.swift */ = {isa = PBXFileReference; lastKnownFileType = sourcecode.swift; path = HeadPhoneManager.swift; sourceTree = "<group>"; };
/* End PBXFileReference section */

/* Begin PBXFrameworksBuildPhase section */
		AC9025D827F8E96900F4D548 /* Frameworks */ = {
			isa = PBXFrameworksBuildPhase;
			buildActionMask = 2147483647;
			files = (
			);
			runOnlyForDeploymentPostprocessing = 0;
		};
/* End PBXFrameworksBuildPhase section */

/* Begin PBXGroup section */
		AC9025D227F8E96900F4D548 = {
			isa = PBXGroup;
			children = (
				AC5BF32C283AF1C4003B458B /* RulerView.swift */,
				AC9025DD27F8E96900F4D548 /* AirpodsProAcc */,
				AC9025DC27F8E96900F4D548 /* Products */,
			);
			sourceTree = "<group>";
		};
		AC9025DC27F8E96900F4D548 /* Products */ = {
			isa = PBXGroup;
			children = (
				AC9025DB27F8E96900F4D548 /* AirpodsProAcc.app */,
			);
			name = Products;
			sourceTree = "<group>";
		};
		AC9025DD27F8E96900F4D548 /* AirpodsProAcc */ = {
			isa = PBXGroup;
			children = (
				AC9025F327F8E99A00F4D548 /* Controller */,
				AC9025F227F8E99100F4D548 /* Foundation Files */,
				AC9025E427F8E96900F4D548 /* Main.storyboard */,
				AC9025E727F8E96B00F4D548 /* Assets.xcassets */,
				AC9025EC27F8E96B00F4D548 /* Info.plist */,
				AC5BF32E283B06A8003B458B /* screen_recording.mov */,
			);
			path = AirpodsProAcc;
			sourceTree = "<group>";
		};
		AC9025F227F8E99100F4D548 /* Foundation Files */ = {
			isa = PBXGroup;
			children = (
				AC9025DE27F8E96900F4D548 /* AppDelegate.swift */,
				AC9025E027F8E96900F4D548 /* SceneDelegate.swift */,
				AC9025E927F8E96B00F4D548 /* LaunchScreen.storyboard */,
			);
			path = "Foundation Files";
			sourceTree = "<group>";
		};
		AC9025F327F8E99A00F4D548 /* Controller */ = {
			isa = PBXGroup;
			children = (
				AC9025E227F8E96900F4D548 /* ViewController.swift */,
				AC9025F427F8E9BB00F4D548 /* HeadPhoneManager.swift */,
				AC5BF32A283A9A71003B458B /* CameraController.swift */,
			);
			path = Controller;
			sourceTree = "<group>";
		};
/* End PBXGroup section */

/* Begin PBXNativeTarget section */
		AC9025DA27F8E96900F4D548 /* AirpodsProAcc */ = {
			isa = PBXNativeTarget;
			buildConfigurationList = AC9025EF27F8E96B00F4D548 /* Build configuration list for PBXNativeTarget "AirpodsProAcc" */;
			buildPhases = (
				AC9025D727F8E96900F4D548 /* Sources */,
				AC9025D827F8E96900F4D548 /* Frameworks */,
				AC9025D927F8E96900F4D548 /* Resources */,
			);
			buildRules = (
			);
			dependencies = (
			);
			name = AirpodsProAcc;
			productName = AirpodsProAcc;
			productReference = AC9025DB27F8E96900F4D548 /* AirpodsProAcc.app */;
			productType = "com.apple.product-type.application";
		};
/* End PBXNativeTarget section */

/* Begin PBXProject section */
		AC9025D327F8E96900F4D548 /* Project object */ = {
			isa = PBXProject;
			attributes = {
				BuildIndependentTargetsInParallel = 1;
				LastSwiftUpdateCheck = 1330;
				LastUpgradeCheck = 1330;
				TargetAttributes = {
					AC9025DA27F8E96900F4D548 = {
						CreatedOnToolsVersion = 13.3;
					};
				};
			};
			buildConfigurationList = AC9025D627F8E96900F4D548 /* Build configuration list for PBXProject "AirpodsProAcc" */;
			compatibilityVersion = "Xcode 13.0";
			developmentRegion = en;
			hasScannedForEncodings = 0;
			knownRegions = (
				en,
				Base,
			);
			mainGroup = AC9025D227F8E96900F4D548;
			productRefGroup = AC9025DC27F8E96900F4D548 /* Products */;
			projectDirPath = "";
			projectRoot = "";
			targets = (
				AC9025DA27F8E96900F4D548 /* AirpodsProAcc */,
			);
		};
/* End PBXProject section */

/* Begin PBXResourcesBuildPhase section */
		AC9025D927F8E96900F4D548 /* Resources */ = {
			isa = PBXResourcesBuildPhase;
			buildActionMask = 2147483647;
			files = (
				AC9025EB27F8E96B00F4D548 /* LaunchScreen.storyboard in Resources */,
				AC5BF32F283B06A8003B458B /* screen_recording.mov in Resources */,
				AC9025E827F8E96B00F4D548 /* Assets.xcassets in Resources */,
				AC9025E627F8E96900F4D548 /* Main.storyboard in Resources */,
			);
			runOnlyForDeploymentPostprocessing = 0;
		};
/* End PBXResourcesBuildPhase section */

/* Begin PBXSourcesBuildPhase section */
		AC9025D727F8E96900F4D548 /* Sources */ = {
			isa = PBXSourcesBuildPhase;
			buildActionMask = 2147483647;
			files = (
				AC9025E327F8E96900F4D548 /* ViewController.swift in Sources */,
				AC5BF32D283AF1C4003B458B /* RulerView.swift in Sources */,
				AC9025DF27F8E96900F4D548 /* AppDelegate.swift in Sources */,
				AC9025E127F8E96900F4D548 /* SceneDelegate.swift in Sources */,
				AC9025F527F8E9BB00F4D548 /* HeadPhoneManager.swift in Sources */,
				AC5BF32B283A9A71003B458B /* CameraController.swift in Sources */,
			);
			runOnlyForDeploymentPostprocessing = 0;
		};
/* End PBXSourcesBuildPhase section */

/* Begin PBXVariantGroup section */
		AC9025E427F8E96900F4D548 /* Main.storyboard */ = {
			isa = PBXVariantGroup;
			children = (
				AC9025E527F8E96900F4D548 /* Base */,
			);
			name = Main.storyboard;
			sourceTree = "<group>";
		};
		AC9025E927F8E96B00F4D548 /* LaunchScreen.storyboard */ = {
			isa = PBXVariantGroup;
			children = (
				AC9025EA27F8E96B00F4D548 /* Base */,
			);
			name = LaunchScreen.storyboard;
			sourceTree = "<group>";
		};
/* End PBXVariantGroup section */

/* Begin XCBuildConfiguration section */
		AC9025ED27F8E96B00F4D548 /* Debug */ = {
			isa = XCBuildConfiguration;
			buildSettings = {
				ALWAYS_SEARCH_USER_PATHS = NO;
				CLANG_ANALYZER_NONNULL = YES;
				CLANG_ANALYZER_NUMBER_OBJECT_CONVERSION = YES_AGGRESSIVE;
				CLANG_CXX_LANGUAGE_STANDARD = "gnu++17";
				CLANG_ENABLE_MODULES = YES;
				CLANG_ENABLE_OBJC_ARC = YES;
				CLANG_ENABLE_OBJC_WEAK = YES;
				CLANG_WARN_BLOCK_CAPTURE_AUTORELEASING = YES;
				CLANG_WARN_BOOL_CONVERSION = YES;
				CLANG_WARN_COMMA = YES;
				CLANG_WARN_CONSTANT_CONVERSION = YES;
				CLANG_WARN_DEPRECATED_OBJC_IMPLEMENTATIONS = YES;
				CLANG_WARN_DIRECT_OBJC_ISA_USAGE = YES_ERROR;
				CLANG_WARN_DOCUMENTATION_COMMENTS = YES;
				CLANG_WARN_EMPTY_BODY = YES;
				CLANG_WARN_ENUM_CONVERSION = YES;
				CLANG_WARN_INFINITE_RECURSION = YES;
				CLANG_WARN_INT_CONVERSION = YES;
				CLANG_WARN_NON_LITERAL_NULL_CONVERSION = YES;
				CLANG_WARN_OBJC_IMPLICIT_RETAIN_SELF = YES;
				CLANG_WARN_OBJC_LITERAL_CONVERSION = YES;
				CLANG_WARN_OBJC_ROOT_CLASS = YES_ERROR;
				CLANG_WARN_QUOTED_INCLUDE_IN_FRAMEWORK_HEADER = YES;
				CLANG_WARN_RANGE_LOOP_ANALYSIS = YES;
				CLANG_WARN_STRICT_PROTOTYPES = YES;
				CLANG_WARN_SUSPICIOUS_MOVE = YES;
				CLANG_WARN_UNGUARDED_AVAILABILITY = YES_AGGRESSIVE;
				CLANG_WARN_UNREACHABLE_CODE = YES;
				CLANG_WARN__DUPLICATE_METHOD_MATCH = YES;
				COPY_PHASE_STRIP = NO;
				DEBUG_INFORMATION_FORMAT = dwarf;
				ENABLE_STRICT_OBJC_MSGSEND = YES;
				ENABLE_TESTABILITY = YES;
				GCC_C_LANGUAGE_STANDARD = gnu11;
				GCC_DYNAMIC_NO_PIC = NO;
				GCC_NO_COMMON_BLOCKS = YES;
				GCC_OPTIMIZATION_LEVEL = 0;
				GCC_PREPROCESSOR_DEFINITIONS = (
					"DEBUG=1",
					"$(inherited)",
				);
				GCC_WARN_64_TO_32_BIT_CONVERSION = YES;
				GCC_WARN_ABOUT_RETURN_TYPE = YES_ERROR;
				GCC_WARN_UNDECLARED_SELECTOR = YES;
				GCC_WARN_UNINITIALIZED_AUTOS = YES_AGGRESSIVE;
				GCC_WARN_UNUSED_FUNCTION = YES;
				GCC_WARN_UNUSED_VARIABLE = YES;
				IPHONEOS_DEPLOYMENT_TARGET = 15.4;
				MTL_ENABLE_DEBUG_INFO = INCLUDE_SOURCE;
				MTL_FAST_MATH = YES;
				ONLY_ACTIVE_ARCH = YES;
				SDKROOT = iphoneos;
				SWIFT_ACTIVE_COMPILATION_CONDITIONS = DEBUG;
				SWIFT_OPTIMIZATION_LEVEL = "-Onone";
			};
			name = Debug;
		};
		AC9025EE27F8E96B00F4D548 /* Release */ = {
			isa = XCBuildConfiguration;
			buildSettings = {
				ALWAYS_SEARCH_USER_PATHS = NO;
				CLANG_ANALYZER_NONNULL = YES;
				CLANG_ANALYZER_NUMBER_OBJECT_CONVERSION = YES_AGGRESSIVE;
				CLANG_CXX_LANGUAGE_STANDARD = "gnu++17";
				CLANG_ENABLE_MODULES = YES;
				CLANG_ENABLE_OBJC_ARC = YES;
				CLANG_ENABLE_OBJC_WEAK = YES;
				CLANG_WARN_BLOCK_CAPTURE_AUTORELEASING = YES;
				CLANG_WARN_BOOL_CONVERSION = YES;
				CLANG_WARN_COMMA = YES;
				CLANG_WARN_CONSTANT_CONVERSION = YES;
				CLANG_WARN_DEPRECATED_OBJC_IMPLEMENTATIONS = YES;
				CLANG_WARN_DIRECT_OBJC_ISA_USAGE = YES_ERROR;
				CLANG_WARN_DOCUMENTATION_COMMENTS = YES;
				CLANG_WARN_EMPTY_BODY = YES;
				CLANG_WARN_ENUM_CONVERSION = YES;
				CLANG_WARN_INFINITE_RECURSION = YES;
				CLANG_WARN_INT_CONVERSION = YES;
				CLANG_WARN_NON_LITERAL_NULL_CONVERSION = YES;
				CLANG_WARN_OBJC_IMPLICIT_RETAIN_SELF = YES;
				CLANG_WARN_OBJC_LITERAL_CONVERSION = YES;
				CLANG_WARN_OBJC_ROOT_CLASS = YES_ERROR;
				CLANG_WARN_QUOTED_INCLUDE_IN_FRAMEWORK_HEADER = YES;
				CLANG_WARN_RANGE_LOOP_ANALYSIS = YES;
				CLANG_WARN_STRICT_PROTOTYPES = YES;
				CLANG_WARN_SUSPICIOUS_MOVE = YES;
				CLANG_WARN_UNGUARDED_AVAILABILITY = YES_AGGRESSIVE;
				CLANG_WARN_UNREACHABLE_CODE = YES;
				CLANG_WARN__DUPLICATE_METHOD_MATCH = YES;
				COPY_PHASE_STRIP = NO;
				DEBUG_INFORMATION_FORMAT = "dwarf-with-dsym";
				ENABLE_NS_ASSERTIONS = NO;
				ENABLE_STRICT_OBJC_MSGSEND = YES;
				GCC_C_LANGUAGE_STANDARD = gnu11;
				GCC_NO_COMMON_BLOCKS = YES;
				GCC_WARN_64_TO_32_BIT_CONVERSION = YES;
				GCC_WARN_ABOUT_RETURN_TYPE = YES_ERROR;
				GCC_WARN_UNDECLARED_SELECTOR = YES;
				GCC_WARN_UNINITIALIZED_AUTOS = YES_AGGRESSIVE;
				GCC_WARN_UNUSED_FUNCTION = YES;
				GCC_WARN_UNUSED_VARIABLE = YES;
				IPHONEOS_DEPLOYMENT_TARGET = 15.4;
				MTL_ENABLE_DEBUG_INFO = NO;
				MTL_FAST_MATH = YES;
				SDKROOT = iphoneos;
				SWIFT_COMPILATION_MODE = wholemodule;
				SWIFT_OPTIMIZATION_LEVEL = "-O";
				VALIDATE_PRODUCT = YES;
			};
			name = Release;
		};
		AC9025F027F8E96B00F4D548 /* Debug */ = {
			isa = XCBuildConfiguration;
			buildSettings = {
				ASSETCATALOG_COMPILER_APPICON_NAME = AppIcon;
				ASSETCATALOG_COMPILER_GLOBAL_ACCENT_COLOR_NAME = AccentColor;
				CODE_SIGN_STYLE = Automatic;
				CURRENT_PROJECT_VERSION = 1;
				DEVELOPMENT_TEAM = FACS5QY45H;
				GENERATE_INFOPLIST_FILE = YES;
				INFOPLIST_FILE = AirpodsProAcc/Info.plist;
				INFOPLIST_KEY_UIApplicationSupportsIndirectInputEvents = YES;
				INFOPLIST_KEY_UILaunchStoryboardName = LaunchScreen;
				INFOPLIST_KEY_UIMainStoryboardFile = Main;
				INFOPLIST_KEY_UISupportedInterfaceOrientations_iPad = "UIInterfaceOrientationPortrait UIInterfaceOrientationPortraitUpsideDown UIInterfaceOrientationLandscapeLeft UIInterfaceOrientationLandscapeRight";
				INFOPLIST_KEY_UISupportedInterfaceOrientations_iPhone = "UIInterfaceOrientationPortrait UIInterfaceOrientationLandscapeLeft UIInterfaceOrientationLandscapeRight";
				LD_RUNPATH_SEARCH_PATHS = (
					"$(inherited)",
					"@executable_path/Frameworks",
				);
				MARKETING_VERSION = 1.0;
				PRODUCT_BUNDLE_IDENTIFIER = me.whothefuckis.AirpodsProAcc;
				PRODUCT_NAME = "$(TARGET_NAME)";
				SWIFT_EMIT_LOC_STRINGS = YES;
				SWIFT_VERSION = 5.0;
				TARGETED_DEVICE_FAMILY = 1;
			};
			name = Debug;
		};
		AC9025F127F8E96B00F4D548 /* Release */ = {
			isa = XCBuildConfiguration;
			buildSettings = {
				ASSETCATALOG_COMPILER_APPICON_NAME = AppIcon;
				ASSETCATALOG_COMPILER_GLOBAL_ACCENT_COLOR_NAME = AccentColor;
				CODE_SIGN_STYLE = Automatic;
				CURRENT_PROJECT_VERSION = 1;
				DEVELOPMENT_TEAM = FACS5QY45H;
				GENERATE_INFOPLIST_FILE = YES;
				INFOPLIST_FILE = AirpodsProAcc/Info.plist;
				INFOPLIST_KEY_UIApplicationSupportsIndirectInputEvents = YES;
				INFOPLIST_KEY_UILaunchStoryboardName = LaunchScreen;
				INFOPLIST_KEY_UIMainStoryboardFile = Main;
				INFOPLIST_KEY_UISupportedInterfaceOrientations_iPad = "UIInterfaceOrientationPortrait UIInterfaceOrientationPortraitUpsideDown UIInterfaceOrientationLandscapeLeft UIInterfaceOrientationLandscapeRight";
				INFOPLIST_KEY_UISupportedInterfaceOrientations_iPhone = "UIInterfaceOrientationPortrait UIInterfaceOrientationLandscapeLeft UIInterfaceOrientationLandscapeRight";
				LD_RUNPATH_SEARCH_PATHS = (
					"$(inherited)",
					"@executable_path/Frameworks",
				);
				MARKETING_VERSION = 1.0;
				PRODUCT_BUNDLE_IDENTIFIER = me.whothefuckis.AirpodsProAcc;
				PRODUCT_NAME = "$(TARGET_NAME)";
				SWIFT_EMIT_LOC_STRINGS = YES;
				SWIFT_VERSION = 5.0;
				TARGETED_DEVICE_FAMILY = 1;
			};
			name = Release;
		};
/* End XCBuildConfiguration section */

/* Begin XCConfigurationList section */
		AC9025D627F8E96900F4D548 /* Build configuration list for PBXProject "AirpodsProAcc" */ = {
			isa = XCConfigurationList;
			buildConfigurations = (
				AC9025ED27F8E96B00F4D548 /* Debug */,
				AC9025EE27F8E96B00F4D548 /* Release */,
			);
			defaultConfigurationIsVisible = 0;
			defaultConfigurationName = Release;
		};
		AC9025EF27F8E96B00F4D548 /* Build configuration list for PBXNativeTarget "AirpodsProAcc" */ = {
			isa = XCConfigurationList;
			buildConfigurations = (
				AC9025F027F8E96B00F4D548 /* Debug */,
				AC9025F127F8E96B00F4D548 /* Release */,
			);
			defaultConfigurationIsVisible = 0;
			defaultConfigurationName = Release;
		};
/* End XCConfigurationList section */
	};
	rootObject = AC9025D327F8E96900F4D548 /* Project object */;
}
